
Microsoft Visual Studio Solution File, Format Version 12.00
# Visual Studio 14
VisualStudioVersion = 14.0.25420.1
MinimumVisualStudioVersion = 10.0.40219.1
Project("{FAE04EC0-301F-11D3-BF4B-00C04F79EFBC}") = "Biblo", "Biblo\Biblo.csproj", "{5F47D252-E14A-4D57-8A43-31B098652E6C}"
EndProject
Project("{FAE04EC0-301F-11D3-BF4B-00C04F79EFBC}") = "DataSource", "DataSource\DataSource.csproj", "{42E51E7C-CD09-4528-B6E2-5DD80FFD34F5}"
EndProject
Project("{FAE04EC0-301F-11D3-BF4B-00C04F79EFBC}") = "DataManager", "DataManager\DataManager.csproj", "{55AE3030-7E04-4543-937A-7101B9829DD2}"
EndProject
Project("{FAE04EC0-301F-11D3-BF4B-00C04F79EFBC}") = "SessionManager", "SessionManager\SessionManager.csproj", "{D457EBFD-6D9A-4FEA-BE01-1B8C5AE08F6B}"
EndProject
Project("{FAE04EC0-301F-11D3-BF4B-00C04F79EFBC}") = "General", "General\General.csproj", "{0633C326-B44D-439B-BBD4-1BC7BFD90F98}"
EndProject
Project("{FAE04EC0-301F-11D3-BF4B-00C04F79EFBC}") = "Usuarios", "Usuarios\Usuarios.csproj", "{BE4F7CBE-52ED-44EC-8990-5C721DB624B8}"
EndProject
Project("{FAE04EC0-301F-11D3-BF4B-00C04F79EFBC}") = "Libros", "Libros\Libros.csproj", "{90C385CE-648A-4BC9-A84F-35DF00A3AB7B}"
EndProject
Project("{FAE04EC0-301F-11D3-BF4B-00C04F79EFBC}") = "Prestamos", "Prestamos\Prestamos.csproj", "{5DE519B6-172F-4210-96E4-296E9974E647}"
EndProject
Project("{FAE04EC0-301F-11D3-BF4B-00C04F79EFBC}") = "Pagos", "Pagos\Pagos.csproj", "{A8672BC9-2C26-4D21-9D02-06DA36B55C05}"
EndProject
Global
	GlobalSection(SolutionConfigurationPlatforms) = preSolution
		Debug|Any CPU = Debug|Any CPU
		Release|Any CPU = Release|Any CPU
	EndGlobalSection
	GlobalSection(ProjectConfigurationPlatforms) = postSolution
		{5F47D252-E14A-4D57-8A43-31B098652E6C}.Debug|Any CPU.ActiveCfg = Debug|Any CPU
		{5F47D252-E14A-4D57-8A43-31B098652E6C}.Debug|Any CPU.Build.0 = Debug|Any CPU
		{5F47D252-E14A-4D57-8A43-31B098652E6C}.Release|Any CPU.ActiveCfg = Release|Any CPU
		{5F47D252-E14A-4D57-8A43-31B098652E6C}.Release|Any CPU.Build.0 = Release|Any CPU
		{42E51E7C-CD09-4528-B6E2-5DD80FFD34F5}.Debug|Any CPU.ActiveCfg = Debug|Any CPU
		{42E51E7C-CD09-4528-B6E2-5DD80FFD34F5}.Debug|Any CPU.Build.0 = Debug|Any CPU
		{42E51E7C-CD09-4528-B6E2-5DD80FFD34F5}.Release|Any CPU.ActiveCfg = Release|Any CPU
		{42E51E7C-CD09-4528-B6E2-5DD80FFD34F5}.Release|Any CPU.Build.0 = Release|Any CPU
		{55AE3030-7E04-4543-937A-7101B9829DD2}.Debug|Any CPU.ActiveCfg = Debug|Any CPU
		{55AE3030-7E04-4543-937A-7101B9829DD2}.Debug|Any CPU.Build.0 = Debug|Any CPU
		{55AE3030-7E04-4543-937A-7101B9829DD2}.Release|Any CPU.ActiveCfg = Release|Any CPU
		{55AE3030-7E04-4543-937A-7101B9829DD2}.Release|Any CPU.Build.0 = Release|Any CPU
		{D457EBFD-6D9A-4FEA-BE01-1B8C5AE08F6B}.Debug|Any CPU.ActiveCfg = Debug|Any CPU
		{D457EBFD-6D9A-4FEA-BE01-1B8C5AE08F6B}.Debug|Any CPU.Build.0 = Debug|Any CPU
		{D457EBFD-6D9A-4FEA-BE01-1B8C5AE08F6B}.Release|Any CPU.ActiveCfg = Release|Any CPU
		{D457EBFD-6D9A-4FEA-BE01-1B8C5AE08F6B}.Release|Any CPU.Build.0 = Release|Any CPU
		{0633C326-B44D-439B-BBD4-1BC7BFD90F98}.Debug|Any CPU.ActiveCfg = Debug|Any CPU
		{0633C326-B44D-439B-BBD4-1BC7BFD90F98}.Debug|Any CPU.Build.0 = Debug|Any CPU
		{0633C326-B44D-439B-BBD4-1BC7BFD90F98}.Release|Any CPU.ActiveCfg = Release|Any CPU
		{0633C326-B44D-439B-BBD4-1BC7BFD90F98}.Release|Any CPU.Build.0 = Release|Any CPU
		{BE4F7CBE-52ED-44EC-8990-5C721DB624B8}.Debug|Any CPU.ActiveCfg = Debug|Any CPU
		{BE4F7CBE-52ED-44EC-8990-5C721DB624B8}.Debug|Any CPU.Build.0 = Debug|Any CPU
		{BE4F7CBE-52ED-44EC-8990-5C721DB624B8}.Release|Any CPU.ActiveCfg = Release|Any CPU
		{BE4F7CBE-52ED-44EC-8990-5C721DB624B8}.Release|Any CPU.Build.0 = Release|Any CPU
		{90C385CE-648A-4BC9-A84F-35DF00A3AB7B}.Debug|Any CPU.ActiveCfg = Debug|Any CPU
		{90C385CE-648A-4BC9-A84F-35DF00A3AB7B}.Debug|Any CPU.Build.0 = Debug|Any CPU
		{90C385CE-648A-4BC9-A84F-35DF00A3AB7B}.Release|Any CPU.ActiveCfg = Release|Any CPU
		{90C385CE-648A-4BC9-A84F-35DF00A3AB7B}.Release|Any CPU.Build.0 = Release|Any CPU
		{5DE519B6-172F-4210-96E4-296E9974E647}.Debug|Any CPU.ActiveCfg = Debug|Any CPU
		{5DE519B6-172F-4210-96E4-296E9974E647}.Debug|Any CPU.Build.0 = Debug|Any CPU
		{5DE519B6-172F-4210-96E4-296E9974E647}.Release|Any CPU.ActiveCfg = Release|Any CPU
		{5DE519B6-172F-4210-96E4-296E9974E647}.Release|Any CPU.Build.0 = Release|Any CPU
		{A8672BC9-2C26-4D21-9D02-06DA36B55C05}.Debug|Any CPU.ActiveCfg = Debug|Any CPU
		{A8672BC9-2C26-4D21-9D02-06DA36B55C05}.Debug|Any CPU.Build.0 = Debug|Any CPU
		{A8672BC9-2C26-4D21-9D02-06DA36B55C05}.Release|Any CPU.ActiveCfg = Release|Any CPU
		{A8672BC9-2C26-4D21-9D02-06DA36B55C05}.Release|Any CPU.Build.0 = Release|Any CPU
	EndGlobalSection
	GlobalSection(SolutionProperties) = preSolution
		HideSolutionNode = FALSE
	EndGlobalSection
	GlobalSection(ExtensibilityGlobals) = postSolution
		SolutionGuid = {DF5FDEFD-F235-4AC2-9775-C87F8317BEC0}
	EndGlobalSection
EndGlobal
